
Microsoft Visual Studio Solution File, Format Version 12.00
# Visual Studio Version 17
VisualStudioVersion = 17.1.32328.378
MinimumVisualStudioVersion = 10.0.40219.1
Project("{2150E333-8FDC-42A3-9474-1A3956D46DE8}") = "Solution Items", "Solution Items", "{FE699831-BC7C-4FAF-A89F-775C1F6C466E}"
	ProjectSection(SolutionItems) = preProject
		ModuleUrls.txt = ModuleUrls.txt
	EndProjectSection
EndProject
Project("{2150E333-8FDC-42A3-9474-1A3956D46DE8}") = "ApiGateway", "ApiGateway", "{8EE04205-5E93-43E7-89E8-04CCBC6552E0}"
EndProject
Project("{2150E333-8FDC-42A3-9474-1A3956D46DE8}") = "src", "src", "{3161C5CE-01D6-44C4-8513-845AC612838E}"
EndProject
Project("{2150E333-8FDC-42A3-9474-1A3956D46DE8}") = "Modules", "Modules", "{E70552E5-3312-46E6-887C-BE238616BF32}"
EndProject
Project("{9A19103F-16F7-4668-BE54-9A1E7A4F7556}") = "API.Gateway", "API.Gateway\API.Gateway.csproj", "{A6E86C15-5B80-4DE8-9CDB-3415BAF30A30}"
EndProject
Project("{2150E333-8FDC-42A3-9474-1A3956D46DE8}") = "CarModule", "CarModule", "{FADD66E6-A420-42E9-A793-484C9FD3351F}"
EndProject
Project("{2150E333-8FDC-42A3-9474-1A3956D46DE8}") = "NotificationModule", "NotificationModule", "{7AAA3B16-5DB4-4EE1-92CD-5DC0FC318640}"
EndProject
Project("{2150E333-8FDC-42A3-9474-1A3956D46DE8}") = "UserModule", "UserModule", "{AAE14C75-2470-474B-A4DC-4F49D5F7DA93}"
EndProject
Project("{2150E333-8FDC-42A3-9474-1A3956D46DE8}") = "OrderModule", "OrderModule", "{689B5CDD-3DBA-4421-85F9-6F24A407E914}"
EndProject
Project("{2150E333-8FDC-42A3-9474-1A3956D46DE8}") = "PaymentModule", "PaymentModule", "{266EA4B5-E3EF-4807-84A0-60594B852A1B}"
EndProject
Project("{9A19103F-16F7-4668-BE54-9A1E7A4F7556}") = "CarAPI", "CarAPI\CarAPI.csproj", "{E96F9906-6207-4652-8ECC-A9822EE30D05}"
EndProject
Project("{9A19103F-16F7-4668-BE54-9A1E7A4F7556}") = "Car.Application", "Car.Application\Car.Application.csproj", "{495E80EB-894E-4B26-A891-E0F2144ADC31}"
EndProject
Project("{9A19103F-16F7-4668-BE54-9A1E7A4F7556}") = "Car.Domain", "Car.Domain\Car.Domain.csproj", "{2C12410E-8499-4B26-9531-75A65E57C7B2}"
EndProject
Project("{9A19103F-16F7-4668-BE54-9A1E7A4F7556}") = "Car.Infastructure", "Car.Infastructure\Car.Infastructure.csproj", "{2DCEF8F7-E374-4D39-9262-1D0AA38A37F3}"
EndProject
Project("{9A19103F-16F7-4668-BE54-9A1E7A4F7556}") = "OrderAPI", "OrderAPI\OrderAPI.csproj", "{6B146C1D-BE28-4B3A-AC6B-72CB6A23A71D}"
EndProject
Project("{9A19103F-16F7-4668-BE54-9A1E7A4F7556}") = "Order.Application", "Order.Application\Order.Application.csproj", "{1F26339A-2C05-42AB-B9FB-80A05F471518}"
EndProject
Project("{9A19103F-16F7-4668-BE54-9A1E7A4F7556}") = "Order.Domain", "Order.Domain\Order.Domain.csproj", "{DC0838EB-1320-4B0C-A67B-A4C8A0107093}"
EndProject
Project("{9A19103F-16F7-4668-BE54-9A1E7A4F7556}") = "Order.Infastructure", "Order.Infastructure\Order.Infastructure.csproj", "{0A2ADFA2-94C4-4842-88AC-180330551C16}"
EndProject
Project("{9A19103F-16F7-4668-BE54-9A1E7A4F7556}") = "Notification", "UserNotification\Notification.csproj", "{CBA4D696-6CBA-4DBD-B0E0-6EB753EC77F1}"
EndProject
Project("{2150E333-8FDC-42A3-9474-1A3956D46DE8}") = "EventBus", "EventBus", "{41BAAE35-29CF-4CAE-A0C4-ADB1F0FA0CD4}"
EndProject
Project("{9A19103F-16F7-4668-BE54-9A1E7A4F7556}") = "EventBus", "EventBus\EventBus.csproj", "{8D548250-CF16-4A65-91F5-CA0C9C5064B7}"
EndProject
Project("{9A19103F-16F7-4668-BE54-9A1E7A4F7556}") = "PaymentAPI", "PaymentAPI\PaymentAPI.csproj", "{F0CA4698-9396-467E-8B47-E5120BFD0665}"
EndProject
Project("{9A19103F-16F7-4668-BE54-9A1E7A4F7556}") = "User.API", "User.API\User.API.csproj", "{C406E43F-67E7-4DF9-B283-9B7633E7518E}"
EndProject
Project("{9A19103F-16F7-4668-BE54-9A1E7A4F7556}") = "User.Application", "User.Application\User.Application.csproj", "{0BDFCAB6-F9BC-4D08-B3A2-C04F1812D0A3}"
EndProject
Project("{9A19103F-16F7-4668-BE54-9A1E7A4F7556}") = "User.Domain", "User.Domain\User.Domain.csproj", "{EAA91D14-9BB7-49F2-8601-8E289773BBE8}"
EndProject
Project("{9A19103F-16F7-4668-BE54-9A1E7A4F7556}") = "User.Infastructure", "User.Infastructure\User.Infastructure.csproj", "{0C041230-8FD5-4151-AAE5-5C4823B2E8F1}"
EndProject
Global
	GlobalSection(SolutionConfigurationPlatforms) = preSolution
		Debug|Any CPU = Debug|Any CPU
		Release|Any CPU = Release|Any CPU
	EndGlobalSection
	GlobalSection(ProjectConfigurationPlatforms) = postSolution
		{A6E86C15-5B80-4DE8-9CDB-3415BAF30A30}.Debug|Any CPU.ActiveCfg = Debug|Any CPU
		{A6E86C15-5B80-4DE8-9CDB-3415BAF30A30}.Debug|Any CPU.Build.0 = Debug|Any CPU
		{A6E86C15-5B80-4DE8-9CDB-3415BAF30A30}.Release|Any CPU.ActiveCfg = Release|Any CPU
		{A6E86C15-5B80-4DE8-9CDB-3415BAF30A30}.Release|Any CPU.Build.0 = Release|Any CPU
		{E96F9906-6207-4652-8ECC-A9822EE30D05}.Debug|Any CPU.ActiveCfg = Debug|Any CPU
		{E96F9906-6207-4652-8ECC-A9822EE30D05}.Debug|Any CPU.Build.0 = Debug|Any CPU
		{E96F9906-6207-4652-8ECC-A9822EE30D05}.Release|Any CPU.ActiveCfg = Release|Any CPU
		{E96F9906-6207-4652-8ECC-A9822EE30D05}.Release|Any CPU.Build.0 = Release|Any CPU
		{495E80EB-894E-4B26-A891-E0F2144ADC31}.Debug|Any CPU.ActiveCfg = Debug|Any CPU
		{495E80EB-894E-4B26-A891-E0F2144ADC31}.Debug|Any CPU.Build.0 = Debug|Any CPU
		{495E80EB-894E-4B26-A891-E0F2144ADC31}.Release|Any CPU.ActiveCfg = Release|Any CPU
		{495E80EB-894E-4B26-A891-E0F2144ADC31}.Release|Any CPU.Build.0 = Release|Any CPU
		{2C12410E-8499-4B26-9531-75A65E57C7B2}.Debug|Any CPU.ActiveCfg = Debug|Any CPU
		{2C12410E-8499-4B26-9531-75A65E57C7B2}.Debug|Any CPU.Build.0 = Debug|Any CPU
		{2C12410E-8499-4B26-9531-75A65E57C7B2}.Release|Any CPU.ActiveCfg = Release|Any CPU
		{2C12410E-8499-4B26-9531-75A65E57C7B2}.Release|Any CPU.Build.0 = Release|Any CPU
		{2DCEF8F7-E374-4D39-9262-1D0AA38A37F3}.Debug|Any CPU.ActiveCfg = Debug|Any CPU
		{2DCEF8F7-E374-4D39-9262-1D0AA38A37F3}.Debug|Any CPU.Build.0 = Debug|Any CPU
		{2DCEF8F7-E374-4D39-9262-1D0AA38A37F3}.Release|Any CPU.ActiveCfg = Release|Any CPU
		{2DCEF8F7-E374-4D39-9262-1D0AA38A37F3}.Release|Any CPU.Build.0 = Release|Any CPU
		{6B146C1D-BE28-4B3A-AC6B-72CB6A23A71D}.Debug|Any CPU.ActiveCfg = Debug|Any CPU
		{6B146C1D-BE28-4B3A-AC6B-72CB6A23A71D}.Debug|Any CPU.Build.0 = Debug|Any CPU
		{6B146C1D-BE28-4B3A-AC6B-72CB6A23A71D}.Release|Any CPU.ActiveCfg = Release|Any CPU
		{6B146C1D-BE28-4B3A-AC6B-72CB6A23A71D}.Release|Any CPU.Build.0 = Release|Any CPU
		{1F26339A-2C05-42AB-B9FB-80A05F471518}.Debug|Any CPU.ActiveCfg = Debug|Any CPU
		{1F26339A-2C05-42AB-B9FB-80A05F471518}.Debug|Any CPU.Build.0 = Debug|Any CPU
		{1F26339A-2C05-42AB-B9FB-80A05F471518}.Release|Any CPU.ActiveCfg = Release|Any CPU
		{1F26339A-2C05-42AB-B9FB-80A05F471518}.Release|Any CPU.Build.0 = Release|Any CPU
		{DC0838EB-1320-4B0C-A67B-A4C8A0107093}.Debug|Any CPU.ActiveCfg = Debug|Any CPU
		{DC0838EB-1320-4B0C-A67B-A4C8A0107093}.Debug|Any CPU.Build.0 = Debug|Any CPU
		{DC0838EB-1320-4B0C-A67B-A4C8A0107093}.Release|Any CPU.ActiveCfg = Release|Any CPU
		{DC0838EB-1320-4B0C-A67B-A4C8A0107093}.Release|Any CPU.Build.0 = Release|Any CPU
		{0A2ADFA2-94C4-4842-88AC-180330551C16}.Debug|Any CPU.ActiveCfg = Debug|Any CPU
		{0A2ADFA2-94C4-4842-88AC-180330551C16}.Debug|Any CPU.Build.0 = Debug|Any CPU
		{0A2ADFA2-94C4-4842-88AC-180330551C16}.Release|Any CPU.ActiveCfg = Release|Any CPU
		{0A2ADFA2-94C4-4842-88AC-180330551C16}.Release|Any CPU.Build.0 = Release|Any CPU
		{CBA4D696-6CBA-4DBD-B0E0-6EB753EC77F1}.Debug|Any CPU.ActiveCfg = Debug|Any CPU
		{CBA4D696-6CBA-4DBD-B0E0-6EB753EC77F1}.Debug|Any CPU.Build.0 = Debug|Any CPU
		{CBA4D696-6CBA-4DBD-B0E0-6EB753EC77F1}.Release|Any CPU.ActiveCfg = Release|Any CPU
		{CBA4D696-6CBA-4DBD-B0E0-6EB753EC77F1}.Release|Any CPU.Build.0 = Release|Any CPU
		{8D548250-CF16-4A65-91F5-CA0C9C5064B7}.Debug|Any CPU.ActiveCfg = Debug|Any CPU
		{8D548250-CF16-4A65-91F5-CA0C9C5064B7}.Debug|Any CPU.Build.0 = Debug|Any CPU
		{8D548250-CF16-4A65-91F5-CA0C9C5064B7}.Release|Any CPU.ActiveCfg = Release|Any CPU
		{8D548250-CF16-4A65-91F5-CA0C9C5064B7}.Release|Any CPU.Build.0 = Release|Any CPU
		{F0CA4698-9396-467E-8B47-E5120BFD0665}.Debug|Any CPU.ActiveCfg = Debug|Any CPU
		{F0CA4698-9396-467E-8B47-E5120BFD0665}.Debug|Any CPU.Build.0 = Debug|Any CPU
		{F0CA4698-9396-467E-8B47-E5120BFD0665}.Release|Any CPU.ActiveCfg = Release|Any CPU
		{F0CA4698-9396-467E-8B47-E5120BFD0665}.Release|Any CPU.Build.0 = Release|Any CPU
		{C406E43F-67E7-4DF9-B283-9B7633E7518E}.Debug|Any CPU.ActiveCfg = Debug|Any CPU
		{C406E43F-67E7-4DF9-B283-9B7633E7518E}.Debug|Any CPU.Build.0 = Debug|Any CPU
		{C406E43F-67E7-4DF9-B283-9B7633E7518E}.Release|Any CPU.ActiveCfg = Release|Any CPU
		{C406E43F-67E7-4DF9-B283-9B7633E7518E}.Release|Any CPU.Build.0 = Release|Any CPU
		{0BDFCAB6-F9BC-4D08-B3A2-C04F1812D0A3}.Debug|Any CPU.ActiveCfg = Debug|Any CPU
		{0BDFCAB6-F9BC-4D08-B3A2-C04F1812D0A3}.Debug|Any CPU.Build.0 = Debug|Any CPU
		{0BDFCAB6-F9BC-4D08-B3A2-C04F1812D0A3}.Release|Any CPU.ActiveCfg = Release|Any CPU
		{0BDFCAB6-F9BC-4D08-B3A2-C04F1812D0A3}.Release|Any CPU.Build.0 = Release|Any CPU
		{EAA91D14-9BB7-49F2-8601-8E289773BBE8}.Debug|Any CPU.ActiveCfg = Debug|Any CPU
		{EAA91D14-9BB7-49F2-8601-8E289773BBE8}.Debug|Any CPU.Build.0 = Debug|Any CPU
		{EAA91D14-9BB7-49F2-8601-8E289773BBE8}.Release|Any CPU.ActiveCfg = Release|Any CPU
		{EAA91D14-9BB7-49F2-8601-8E289773BBE8}.Release|Any CPU.Build.0 = Release|Any CPU
		{0C041230-8FD5-4151-AAE5-5C4823B2E8F1}.Debug|Any CPU.ActiveCfg = Debug|Any CPU
		{0C041230-8FD5-4151-AAE5-5C4823B2E8F1}.Debug|Any CPU.Build.0 = Debug|Any CPU
		{0C041230-8FD5-4151-AAE5-5C4823B2E8F1}.Release|Any CPU.ActiveCfg = Release|Any CPU
		{0C041230-8FD5-4151-AAE5-5C4823B2E8F1}.Release|Any CPU.Build.0 = Release|Any CPU
	EndGlobalSection
	GlobalSection(SolutionProperties) = preSolution
		HideSolutionNode = FALSE
	EndGlobalSection
	GlobalSection(NestedProjects) = preSolution
		{8EE04205-5E93-43E7-89E8-04CCBC6552E0} = {3161C5CE-01D6-44C4-8513-845AC612838E}
		{E70552E5-3312-46E6-887C-BE238616BF32} = {3161C5CE-01D6-44C4-8513-845AC612838E}
		{A6E86C15-5B80-4DE8-9CDB-3415BAF30A30} = {8EE04205-5E93-43E7-89E8-04CCBC6552E0}
		{FADD66E6-A420-42E9-A793-484C9FD3351F} = {E70552E5-3312-46E6-887C-BE238616BF32}
		{7AAA3B16-5DB4-4EE1-92CD-5DC0FC318640} = {E70552E5-3312-46E6-887C-BE238616BF32}
		{AAE14C75-2470-474B-A4DC-4F49D5F7DA93} = {E70552E5-3312-46E6-887C-BE238616BF32}
		{689B5CDD-3DBA-4421-85F9-6F24A407E914} = {E70552E5-3312-46E6-887C-BE238616BF32}
		{266EA4B5-E3EF-4807-84A0-60594B852A1B} = {E70552E5-3312-46E6-887C-BE238616BF32}
		{E96F9906-6207-4652-8ECC-A9822EE30D05} = {FADD66E6-A420-42E9-A793-484C9FD3351F}
		{495E80EB-894E-4B26-A891-E0F2144ADC31} = {FADD66E6-A420-42E9-A793-484C9FD3351F}
		{2C12410E-8499-4B26-9531-75A65E57C7B2} = {FADD66E6-A420-42E9-A793-484C9FD3351F}
		{2DCEF8F7-E374-4D39-9262-1D0AA38A37F3} = {FADD66E6-A420-42E9-A793-484C9FD3351F}
		{6B146C1D-BE28-4B3A-AC6B-72CB6A23A71D} = {689B5CDD-3DBA-4421-85F9-6F24A407E914}
		{1F26339A-2C05-42AB-B9FB-80A05F471518} = {689B5CDD-3DBA-4421-85F9-6F24A407E914}
		{DC0838EB-1320-4B0C-A67B-A4C8A0107093} = {689B5CDD-3DBA-4421-85F9-6F24A407E914}
		{0A2ADFA2-94C4-4842-88AC-180330551C16} = {689B5CDD-3DBA-4421-85F9-6F24A407E914}
		{CBA4D696-6CBA-4DBD-B0E0-6EB753EC77F1} = {7AAA3B16-5DB4-4EE1-92CD-5DC0FC318640}
		{41BAAE35-29CF-4CAE-A0C4-ADB1F0FA0CD4} = {3161C5CE-01D6-44C4-8513-845AC612838E}
		{8D548250-CF16-4A65-91F5-CA0C9C5064B7} = {41BAAE35-29CF-4CAE-A0C4-ADB1F0FA0CD4}
		{F0CA4698-9396-467E-8B47-E5120BFD0665} = {266EA4B5-E3EF-4807-84A0-60594B852A1B}
		{C406E43F-67E7-4DF9-B283-9B7633E7518E} = {AAE14C75-2470-474B-A4DC-4F49D5F7DA93}
		{0BDFCAB6-F9BC-4D08-B3A2-C04F1812D0A3} = {AAE14C75-2470-474B-A4DC-4F49D5F7DA93}
		{EAA91D14-9BB7-49F2-8601-8E289773BBE8} = {AAE14C75-2470-474B-A4DC-4F49D5F7DA93}
		{0C041230-8FD5-4151-AAE5-5C4823B2E8F1} = {AAE14C75-2470-474B-A4DC-4F49D5F7DA93}
	EndGlobalSection
	GlobalSection(ExtensibilityGlobals) = postSolution
		SolutionGuid = {44434E8C-98A0-4DED-80C5-689A18F362C2}
	EndGlobalSection
EndGlobal
